
Microsoft Visual Studio Solution File, Format Version 12.00
# Visual Studio Version 16
VisualStudioVersion = 16.0.29709.97
MinimumVisualStudioVersion = 10.0.40219.1
Project("{FAE04EC0-301F-11D3-BF4B-00C04F79EFBC}") = "Lab2", "Lab2\Lab2.csproj", "{9B542C11-1ACA-4891-A169-86E73B837ADE}"
EndProject
Project("{FAE04EC0-301F-11D3-BF4B-00C04F79EFBC}") = "Lab_1", "Lab_1\Lab_1.csproj", "{017B3CB2-9A27-47E6-BC98-08E13ACC9EE4}"
EndProject
Project("{FAE04EC0-301F-11D3-BF4B-00C04F79EFBC}") = "ModelDesignFirst_L1", "ModelDesignFirst_L1\ModelDesignFirst_L1.csproj", "{65D00C76-FA15-40F8-8DF7-11E210690D85}"
EndProject
Project("{FAE04EC0-301F-11D3-BF4B-00C04F79EFBC}") = "CodeFirstEF", "CodeFirstEF\CodeFirstEF.csproj", "{F0F46944-A8A9-4D8E-A40C-9D7E29FE69B5}"
EndProject
Project("{FAE04EC0-301F-11D3-BF4B-00C04F79EFBC}") = "TestCodeFirstEf", "TestCodeFirstEf\TestCodeFirstEf.csproj", "{E5CAAAF1-FDD6-4262-B4AC-998EADA49393}"
EndProject
Project("{FAE04EC0-301F-11D3-BF4B-00C04F79EFBC}") = "Lab5_DB", "Lab5_Client\Lab5_DB.csproj", "{E2635899-C341-4311-ABD8-B70894F9B333}"
EndProject
Project("{FAE04EC0-301F-11D3-BF4B-00C04F79EFBC}") = "Lab5_Services", "Lab5_Server\Lab5_Services.csproj", "{1BA74B64-C5E9-4B89-8A31-8961D916134E}"
EndProject
Project("{FAE04EC0-301F-11D3-BF4B-00C04F79EFBC}") = "HostWCF", "HostWCF\HostWCF.csproj", "{BB28D0FA-E7BE-4949-A003-429A08E3E043}"
EndProject
Project("{FAE04EC0-301F-11D3-BF4B-00C04F79EFBC}") = "ClientWCF", "ClientWCF\ClientWCF.csproj", "{2FE1C18F-F77D-4C0A-8850-8A863FBA8C98}"
EndProject
Project("{9A19103F-16F7-4668-BE54-9A1E7A4F7556}") = "GRPCServer", "GRPCServer\GRPCServer.csproj", "{83F8642A-77B6-4AA1-80E3-2E1EDB21F0BD}"
EndProject
Project("{9A19103F-16F7-4668-BE54-9A1E7A4F7556}") = "GRPCClient", "GRPCClient\GRPCClient.csproj", "{EFA1F888-6C5C-42BA-ADAE-9725A3F5DF77}"
EndProject
Project("{9A19103F-16F7-4668-BE54-9A1E7A4F7556}") = "Asp_Vancsa_Istvan_Rp", "Lab_RazorPages\Asp_Vancsa_Istvan_Rp.csproj", "{A2CC411F-07C9-40DD-BFC6-31CEDDF59D34}"
EndProject
Project("{2150E333-8FDC-42A3-9474-1A3956D46DE8}") = "Solution Items", "Solution Items", "{AA5E98AE-D646-44D4-A081-2DE66627BDF0}"
	ProjectSection(SolutionItems) = preProject
		ReadMe.txt = ReadMe.txt
	EndProjectSection
EndProject
Global
	GlobalSection(SolutionConfigurationPlatforms) = preSolution
		Debug|Any CPU = Debug|Any CPU
		Release|Any CPU = Release|Any CPU
	EndGlobalSection
	GlobalSection(ProjectConfigurationPlatforms) = postSolution
		{9B542C11-1ACA-4891-A169-86E73B837ADE}.Debug|Any CPU.ActiveCfg = Debug|Any CPU
		{9B542C11-1ACA-4891-A169-86E73B837ADE}.Debug|Any CPU.Build.0 = Debug|Any CPU
		{9B542C11-1ACA-4891-A169-86E73B837ADE}.Release|Any CPU.ActiveCfg = Release|Any CPU
		{9B542C11-1ACA-4891-A169-86E73B837ADE}.Release|Any CPU.Build.0 = Release|Any CPU
		{017B3CB2-9A27-47E6-BC98-08E13ACC9EE4}.Debug|Any CPU.ActiveCfg = Debug|Any CPU
		{017B3CB2-9A27-47E6-BC98-08E13ACC9EE4}.Debug|Any CPU.Build.0 = Debug|Any CPU
		{017B3CB2-9A27-47E6-BC98-08E13ACC9EE4}.Release|Any CPU.ActiveCfg = Release|Any CPU
		{017B3CB2-9A27-47E6-BC98-08E13ACC9EE4}.Release|Any CPU.Build.0 = Release|Any CPU
		{65D00C76-FA15-40F8-8DF7-11E210690D85}.Debug|Any CPU.ActiveCfg = Debug|Any CPU
		{65D00C76-FA15-40F8-8DF7-11E210690D85}.Debug|Any CPU.Build.0 = Debug|Any CPU
		{65D00C76-FA15-40F8-8DF7-11E210690D85}.Release|Any CPU.ActiveCfg = Release|Any CPU
		{65D00C76-FA15-40F8-8DF7-11E210690D85}.Release|Any CPU.Build.0 = Release|Any CPU
		{F0F46944-A8A9-4D8E-A40C-9D7E29FE69B5}.Debug|Any CPU.ActiveCfg = Debug|Any CPU
		{F0F46944-A8A9-4D8E-A40C-9D7E29FE69B5}.Debug|Any CPU.Build.0 = Debug|Any CPU
		{F0F46944-A8A9-4D8E-A40C-9D7E29FE69B5}.Release|Any CPU.ActiveCfg = Release|Any CPU
		{F0F46944-A8A9-4D8E-A40C-9D7E29FE69B5}.Release|Any CPU.Build.0 = Release|Any CPU
		{E5CAAAF1-FDD6-4262-B4AC-998EADA49393}.Debug|Any CPU.ActiveCfg = Debug|Any CPU
		{E5CAAAF1-FDD6-4262-B4AC-998EADA49393}.Debug|Any CPU.Build.0 = Debug|Any CPU
		{E5CAAAF1-FDD6-4262-B4AC-998EADA49393}.Release|Any CPU.ActiveCfg = Release|Any CPU
		{E5CAAAF1-FDD6-4262-B4AC-998EADA49393}.Release|Any CPU.Build.0 = Release|Any CPU
		{E2635899-C341-4311-ABD8-B70894F9B333}.Debug|Any CPU.ActiveCfg = Debug|Any CPU
		{E2635899-C341-4311-ABD8-B70894F9B333}.Debug|Any CPU.Build.0 = Debug|Any CPU
		{E2635899-C341-4311-ABD8-B70894F9B333}.Release|Any CPU.ActiveCfg = Release|Any CPU
		{E2635899-C341-4311-ABD8-B70894F9B333}.Release|Any CPU.Build.0 = Release|Any CPU
		{1BA74B64-C5E9-4B89-8A31-8961D916134E}.Debug|Any CPU.ActiveCfg = Debug|Any CPU
		{1BA74B64-C5E9-4B89-8A31-8961D916134E}.Debug|Any CPU.Build.0 = Debug|Any CPU
		{1BA74B64-C5E9-4B89-8A31-8961D916134E}.Release|Any CPU.ActiveCfg = Release|Any CPU
		{1BA74B64-C5E9-4B89-8A31-8961D916134E}.Release|Any CPU.Build.0 = Release|Any CPU
		{BB28D0FA-E7BE-4949-A003-429A08E3E043}.Debug|Any CPU.ActiveCfg = Debug|Any CPU
		{BB28D0FA-E7BE-4949-A003-429A08E3E043}.Debug|Any CPU.Build.0 = Debug|Any CPU
		{BB28D0FA-E7BE-4949-A003-429A08E3E043}.Release|Any CPU.ActiveCfg = Release|Any CPU
		{BB28D0FA-E7BE-4949-A003-429A08E3E043}.Release|Any CPU.Build.0 = Release|Any CPU
		{2FE1C18F-F77D-4C0A-8850-8A863FBA8C98}.Debug|Any CPU.ActiveCfg = Debug|Any CPU
		{2FE1C18F-F77D-4C0A-8850-8A863FBA8C98}.Debug|Any CPU.Build.0 = Debug|Any CPU
		{2FE1C18F-F77D-4C0A-8850-8A863FBA8C98}.Release|Any CPU.ActiveCfg = Release|Any CPU
		{2FE1C18F-F77D-4C0A-8850-8A863FBA8C98}.Release|Any CPU.Build.0 = Release|Any CPU
		{83F8642A-77B6-4AA1-80E3-2E1EDB21F0BD}.Debug|Any CPU.ActiveCfg = Debug|Any CPU
		{83F8642A-77B6-4AA1-80E3-2E1EDB21F0BD}.Debug|Any CPU.Build.0 = Debug|Any CPU
		{83F8642A-77B6-4AA1-80E3-2E1EDB21F0BD}.Release|Any CPU.ActiveCfg = Release|Any CPU
		{83F8642A-77B6-4AA1-80E3-2E1EDB21F0BD}.Release|Any CPU.Build.0 = Release|Any CPU
		{EFA1F888-6C5C-42BA-ADAE-9725A3F5DF77}.Debug|Any CPU.ActiveCfg = Debug|Any CPU
		{EFA1F888-6C5C-42BA-ADAE-9725A3F5DF77}.Debug|Any CPU.Build.0 = Debug|Any CPU
		{EFA1F888-6C5C-42BA-ADAE-9725A3F5DF77}.Release|Any CPU.ActiveCfg = Release|Any CPU
		{EFA1F888-6C5C-42BA-ADAE-9725A3F5DF77}.Release|Any CPU.Build.0 = Release|Any CPU
		{A2CC411F-07C9-40DD-BFC6-31CEDDF59D34}.Debug|Any CPU.ActiveCfg = Debug|Any CPU
		{A2CC411F-07C9-40DD-BFC6-31CEDDF59D34}.Debug|Any CPU.Build.0 = Debug|Any CPU
		{A2CC411F-07C9-40DD-BFC6-31CEDDF59D34}.Release|Any CPU.ActiveCfg = Release|Any CPU
		{A2CC411F-07C9-40DD-BFC6-31CEDDF59D34}.Release|Any CPU.Build.0 = Release|Any CPU
	EndGlobalSection
	GlobalSection(SolutionProperties) = preSolution
		HideSolutionNode = FALSE
	EndGlobalSection
	GlobalSection(ExtensibilityGlobals) = postSolution
		SolutionGuid = {17E21D4C-A393-45FC-BCEB-9A1716F5A813}
	EndGlobalSection
EndGlobal
